
Microsoft Visual Studio Solution File, Format Version 12.00
# Visual Studio Version 16
VisualStudioVersion = 16.0.30406.217
MinimumVisualStudioVersion = 10.0.40219.1
Project("{888888A0-9F3D-457C-B088-3A5042F75D52}") = "FlaskGeoApi", "FlaskGeoApi.pyproj", "{C204F408-926C-42D9-BFB2-30E90CDEFE3E}"
EndProject
Project("{2150E333-8FDC-42A3-9474-1A3956D46DE8}") = "FlaskGeoApi", "FlaskGeoApi", "{882881B3-A59B-42BD-8E29-63E1BDAEEAF9}"
EndProject
Global
	GlobalSection(SolutionConfigurationPlatforms) = preSolution
		Debug|Any CPU = Debug|Any CPU
		Release|Any CPU = Release|Any CPU
	EndGlobalSection
	GlobalSection(ProjectConfigurationPlatforms) = postSolution
		{C204F408-926C-42D9-BFB2-30E90CDEFE3E}.Debug|Any CPU.ActiveCfg = Debug|Any CPU
		{C204F408-926C-42D9-BFB2-30E90CDEFE3E}.Debug|Any CPU.Build.0 = Debug|Any CPU
		{C204F408-926C-42D9-BFB2-30E90CDEFE3E}.Release|Any CPU.ActiveCfg = Release|Any CPU
		{C204F408-926C-42D9-BFB2-30E90CDEFE3E}.Release|Any CPU.Build.0 = Release|Any CPU
	EndGlobalSection
	GlobalSection(SolutionProperties) = preSolution
		HideSolutionNode = FALSE
	EndGlobalSection
	GlobalSection(NestedProjects) = preSolution
		{C204F408-926C-42D9-BFB2-30E90CDEFE3E} = {882881B3-A59B-42BD-8E29-63E1BDAEEAF9}
	EndGlobalSection
	GlobalSection(ExtensibilityGlobals) = postSolution
		SolutionGuid = {3D5ED74D-3F21-411C-8536-73BA8E0358FA}
	EndGlobalSection
EndGlobal
